
Microsoft Visual Studio Solution File, Format Version 12.00
# Visual Studio 15
VisualStudioVersion = 15.0.27428.2037
MinimumVisualStudioVersion = 10.0.40219.1
Project("{FAE04EC0-301F-11D3-BF4B-00C04F79EFBC}") = "IEIT.Reports.WebFramework.Core", "IEIT.Reports.WebFramework.Core\IEIT.Reports.WebFramework.Core.csproj", "{370BAE7F-8DE5-49EC-8BB3-BFD2AE6EF741}"
EndProject
Project("{FAE04EC0-301F-11D3-BF4B-00C04F79EFBC}") = "IEIT.Reports.WebFramework.Api", "IEIT.Reports.WebFramework.Api\IEIT.Reports.WebFramework.Api.csproj", "{08718E4E-8D96-42AC-B28A-7C030BE1A2C1}"
EndProject
Project("{FAE04EC0-301F-11D3-BF4B-00C04F79EFBC}") = "TestProj", "TestProj\TestProj.csproj", "{DBC0CCDD-503C-496D-B43D-50BB8210A2AD}"
EndProject
Project("{FAE04EC0-301F-11D3-BF4B-00C04F79EFBC}") = "TestProj.BLL", "TestProj.BLL\TestProj.BLL.csproj", "{5F100175-53F7-40E2-A65A-AFC9C0109BBD}"
EndProject
Project("{FAE04EC0-301F-11D3-BF4B-00C04F79EFBC}") = "UnitTestProject", "UnitTestProject\UnitTestProject.csproj", "{119EAE46-0A23-40DB-8153-F66075859D5A}"
EndProject
Global
	GlobalSection(SolutionConfigurationPlatforms) = preSolution
		Debug|Any CPU = Debug|Any CPU
		Release|Any CPU = Release|Any CPU
	EndGlobalSection
	GlobalSection(ProjectConfigurationPlatforms) = postSolution
		{370BAE7F-8DE5-49EC-8BB3-BFD2AE6EF741}.Debug|Any CPU.ActiveCfg = Debug|Any CPU
		{370BAE7F-8DE5-49EC-8BB3-BFD2AE6EF741}.Debug|Any CPU.Build.0 = Debug|Any CPU
		{370BAE7F-8DE5-49EC-8BB3-BFD2AE6EF741}.Release|Any CPU.ActiveCfg = Release|Any CPU
		{370BAE7F-8DE5-49EC-8BB3-BFD2AE6EF741}.Release|Any CPU.Build.0 = Release|Any CPU
		{08718E4E-8D96-42AC-B28A-7C030BE1A2C1}.Debug|Any CPU.ActiveCfg = Debug|Any CPU
		{08718E4E-8D96-42AC-B28A-7C030BE1A2C1}.Debug|Any CPU.Build.0 = Debug|Any CPU
		{08718E4E-8D96-42AC-B28A-7C030BE1A2C1}.Release|Any CPU.ActiveCfg = Release|Any CPU
		{08718E4E-8D96-42AC-B28A-7C030BE1A2C1}.Release|Any CPU.Build.0 = Release|Any CPU
		{DBC0CCDD-503C-496D-B43D-50BB8210A2AD}.Debug|Any CPU.ActiveCfg = Debug|Any CPU
		{DBC0CCDD-503C-496D-B43D-50BB8210A2AD}.Debug|Any CPU.Build.0 = Debug|Any CPU
		{DBC0CCDD-503C-496D-B43D-50BB8210A2AD}.Release|Any CPU.ActiveCfg = Release|Any CPU
		{DBC0CCDD-503C-496D-B43D-50BB8210A2AD}.Release|Any CPU.Build.0 = Release|Any CPU
		{5F100175-53F7-40E2-A65A-AFC9C0109BBD}.Debug|Any CPU.ActiveCfg = Debug|Any CPU
		{5F100175-53F7-40E2-A65A-AFC9C0109BBD}.Debug|Any CPU.Build.0 = Debug|Any CPU
		{5F100175-53F7-40E2-A65A-AFC9C0109BBD}.Release|Any CPU.ActiveCfg = Release|Any CPU
		{5F100175-53F7-40E2-A65A-AFC9C0109BBD}.Release|Any CPU.Build.0 = Release|Any CPU
		{119EAE46-0A23-40DB-8153-F66075859D5A}.Debug|Any CPU.ActiveCfg = Debug|Any CPU
		{119EAE46-0A23-40DB-8153-F66075859D5A}.Debug|Any CPU.Build.0 = Debug|Any CPU
		{119EAE46-0A23-40DB-8153-F66075859D5A}.Release|Any CPU.ActiveCfg = Release|Any CPU
		{119EAE46-0A23-40DB-8153-F66075859D5A}.Release|Any CPU.Build.0 = Release|Any CPU
	EndGlobalSection
	GlobalSection(SolutionProperties) = preSolution
		HideSolutionNode = FALSE
	EndGlobalSection
	GlobalSection(ExtensibilityGlobals) = postSolution
		SolutionGuid = {7D267A39-4A8F-49D9-AB17-6B5FF875FE46}
	EndGlobalSection
EndGlobal
